# This file is automatically @generated by Cargo.
# It is not intended for manual editing.
version = 4

[[package]]
name = "game-ai-alphabeta"
version = "0.1.0"
dependencies = [
 "game-ai-core",
]

[[package]]
name = "game-ai-arena"
version = "0.1.0"
dependencies = [
 "game-ai-core",
]

[[package]]
name = "game-ai-core"
version = "0.1.0"
